
Microsoft Visual Studio Solution File, Format Version 12.00
Project("{FAE04EC0-301F-11D3-BF4B-00C04F79EFBC}") = "NightshadeLua.Bindings", "NightshadeLua.Bindings\NightshadeLua.Bindings.csproj", "{12DB3FAE-60C5-4CD9-AB4E-CC3495E9BA78}"
EndProject
Project("{FAE04EC0-301F-11D3-BF4B-00C04F79EFBC}") = "NightshadeLua", "NightshadeLua\NightshadeLua.csproj", "{D79929D0-4A1B-4E6B-811B-DC8DCB14ECD9}"
EndProject
Global
	GlobalSection(SolutionConfigurationPlatforms) = preSolution
		Debug|Any CPU = Debug|Any CPU
		Release|Any CPU = Release|Any CPU
	EndGlobalSection
	GlobalSection(ProjectConfigurationPlatforms) = postSolution
		{12DB3FAE-60C5-4CD9-AB4E-CC3495E9BA78}.Debug|Any CPU.ActiveCfg = Debug|Any CPU
		{12DB3FAE-60C5-4CD9-AB4E-CC3495E9BA78}.Debug|Any CPU.Build.0 = Debug|Any CPU
		{12DB3FAE-60C5-4CD9-AB4E-CC3495E9BA78}.Release|Any CPU.ActiveCfg = Release|Any CPU
		{12DB3FAE-60C5-4CD9-AB4E-CC3495E9BA78}.Release|Any CPU.Build.0 = Release|Any CPU
		{D79929D0-4A1B-4E6B-811B-DC8DCB14ECD9}.Debug|Any CPU.ActiveCfg = Debug|Any CPU
		{D79929D0-4A1B-4E6B-811B-DC8DCB14ECD9}.Debug|Any CPU.Build.0 = Debug|Any CPU
		{D79929D0-4A1B-4E6B-811B-DC8DCB14ECD9}.Release|Any CPU.ActiveCfg = Release|Any CPU
		{D79929D0-4A1B-4E6B-811B-DC8DCB14ECD9}.Release|Any CPU.Build.0 = Release|Any CPU
	EndGlobalSection
EndGlobal
